
Microsoft Visual Studio Solution File, Format Version 12.00
# Visual Studio Version 17
VisualStudioVersion = 17.0.31903.59
MinimumVisualStudioVersion = 10.0.40219.1
Project("{2150E333-8FDC-42A3-9474-1A3956D46DE8}") = "src", "src", "{575E1148-1387-43AB-B71A-245AA3750966}"
EndProject
Project("{FAE04EC0-301F-11D3-BF4B-00C04F79EFBC}") = "API", "src\API\API.csproj", "{F386F872-7EAA-40DE-98F6-F52BC583E747}"
EndProject
Global
	GlobalSection(SolutionConfigurationPlatforms) = preSolution
		Debug|Any CPU = Debug|Any CPU
		Release|Any CPU = Release|Any CPU
	EndGlobalSection
	GlobalSection(SolutionProperties) = preSolution
		HideSolutionNode = FALSE
	EndGlobalSection
	GlobalSection(ProjectConfigurationPlatforms) = postSolution
		{F386F872-7EAA-40DE-98F6-F52BC583E747}.Debug|Any CPU.ActiveCfg = Debug|Any CPU
		{F386F872-7EAA-40DE-98F6-F52BC583E747}.Debug|Any CPU.Build.0 = Debug|Any CPU
		{F386F872-7EAA-40DE-98F6-F52BC583E747}.Release|Any CPU.ActiveCfg = Release|Any CPU
		{F386F872-7EAA-40DE-98F6-F52BC583E747}.Release|Any CPU.Build.0 = Release|Any CPU
	EndGlobalSection
	GlobalSection(NestedProjects) = preSolution
		{F386F872-7EAA-40DE-98F6-F52BC583E747} = {575E1148-1387-43AB-B71A-245AA3750966}
	EndGlobalSection
EndGlobal
